{
  "lockfile_version": "1",
  "packages": {
    "github:NixOS/nixpkgs/nixpkgs-unstable": {
      "last_modified": "2025-10-13T09:56:54Z",
      "resolved": "github:NixOS/nixpkgs/c12c63cd6c5eb34c7b4c3076c6a99e00fcab86ec?lastModified=1760349414&narHash=sha256-W4Ri1ZwYuNcBzqQQa7NnWfrv0wHMo7rduTWjIeU9dZk%3D"
    },
    "go-task@latest": {
      "last_modified": "2025-09-18T16:33:27Z",
      "resolved": "github:NixOS/nixpkgs/f4b140d5b253f5e2a1ff4e5506edbf8267724bde#go-task",
      "source": "devbox-search",
      "version": "3.44.1",
      "systems": {
        "aarch64-darwin": {
          "outputs": [
            {
              "name": "out",
              "path": "/nix/store/p58fz5g7zai0bgh6rqyg9hfz0hmvng4m-go-task-3.44.1",
              "default": true
            }
          ],
          "store_path": "/nix/store/p58fz5g7zai0bgh6rqyg9hfz0hmvng4m-go-task-3.44.1"
        },
        "aarch64-linux": {
          "outputs": [
            {
              "name": "out",
              "path": "/nix/store/qi3hx4hvcnzy317yihii2gm3gqgvvnw5-go-task-3.44.1",
              "default": true
            }
          ],
          "store_path": "/nix/store/qi3hx4hvcnzy317yihii2gm3gqgvvnw5-go-task-3.44.1"
        },
        "x86_64-darwin": {
          "outputs": [
            {
              "name": "out",
              "path": "/nix/store/n6xnr1iwm1yhcf6mji9l649djizbfg3b-go-task-3.44.1",
              "default": true
            }
          ],
          "store_path": "/nix/store/n6xnr1iwm1yhcf6mji9l649djizbfg3b-go-task-3.44.1"
        },
        "x86_64-linux": {
          "outputs": [
            {
              "name": "out",
              "path": "/nix/store/jjy9p73v67b6p555qs9ff3dasnlzafid-go-task-3.44.1",
              "default": true
            }
          ],
          "store_path": "/nix/store/jjy9p73v67b6p555qs9ff3dasnlzafid-go-task-3.44.1"
        }
      }
    },
    "nushell@latest": {
      "last_modified": "2025-09-18T16:33:27Z",
      "resolved": "github:NixOS/nixpkgs/f4b140d5b253f5e2a1ff4e5506edbf8267724bde#nushell",
      "source": "devbox-search",
      "version": "0.106.1",
      "systems": {
        "aarch64-darwin": {
          "outputs": [
            {
              "name": "out",
              "path": "/nix/store/b2s37l8wvp66jgk2v35bzqd64sngm2wg-nushell-0.106.1",
              "default": true
            }
          ],
          "store_path": "/nix/store/b2s37l8wvp66jgk2v35bzqd64sngm2wg-nushell-0.106.1"
        },
        "aarch64-linux": {
          "outputs": [
            {
              "name": "out",
              "path": "/nix/store/lbmj19psdibypl9ydarygy2xjh4jgfa3-nushell-0.106.1",
              "default": true
            }
          ],
          "store_path": "/nix/store/lbmj19psdibypl9ydarygy2xjh4jgfa3-nushell-0.106.1"
        },
        "x86_64-darwin": {
          "outputs": [
            {
              "name": "out",
              "path": "/nix/store/3ssawg0rxz7bxcsvh2x3yjp4i7db906d-nushell-0.106.1",
              "default": true
            }
          ],
          "store_path": "/nix/store/3ssawg0rxz7bxcsvh2x3yjp4i7db906d-nushell-0.106.1"
        },
        "x86_64-linux": {
          "outputs": [
            {
              "name": "out",
              "path": "/nix/store/7pn92hjbp0c3jn4p0jvbjisddvx9y6fp-nushell-0.106.1",
              "default": true
            }
          ],
          "store_path": "/nix/store/7pn92hjbp0c3jn4p0jvbjisddvx9y6fp-nushell-0.106.1"
        }
      }
    },
    "podman@latest": {
      "last_modified": "2025-09-18T16:33:27Z",
      "resolved": "github:NixOS/nixpkgs/f4b140d5b253f5e2a1ff4e5506edbf8267724bde#podman",
      "source": "devbox-search",
      "version": "5.6.1",
      "systems": {
        "aarch64-darwin": {
          "outputs": [
            {
              "name": "out",
              "path": "/nix/store/3bxilvgamza4wplqdsm6xpcdiy46gngy-podman-5.6.1",
              "default": true
            },
            {
              "name": "man",
              "path": "/nix/store/pvsfk05nk8pr5c5bqf5cq6i2y1wwknwm-podman-5.6.1-man",
              "default": true
            }
          ],
          "store_path": "/nix/store/3bxilvgamza4wplqdsm6xpcdiy46gngy-podman-5.6.1"
        },
        "aarch64-linux": {
          "outputs": [
            {
              "name": "out",
              "path": "/nix/store/7ps3asr8yfsv12dfw3q299qvbj99vdbk-podman-5.6.1",
              "default": true
            },
            {
              "name": "man",
              "path": "/nix/store/gjad9m8zh5px0715by0b1rx3rvv8zs1d-podman-5.6.1-man",
              "default": true
            }
          ],
          "store_path": "/nix/store/7ps3asr8yfsv12dfw3q299qvbj99vdbk-podman-5.6.1"
        },
        "x86_64-darwin": {
          "outputs": [
            {
              "name": "out",
              "path": "/nix/store/2pll6nl9l7ldjgqw5vikxw897yjzizcv-podman-5.6.1",
              "default": true
            },
            {
              "name": "man",
              "path": "/nix/store/37gcy1sv5n9gmgxpg7ajmp7vwm59qydd-podman-5.6.1-man",
              "default": true
            }
          ],
          "store_path": "/nix/store/2pll6nl9l7ldjgqw5vikxw897yjzizcv-podman-5.6.1"
        },
        "x86_64-linux": {
          "outputs": [
            {
              "name": "out",
              "path": "/nix/store/bk1sg8fqg7fzby33h3qznmnng5p31cig-podman-5.6.1",
              "default": true
            },
            {
              "name": "man",
              "path": "/nix/store/is7mq8pym5b1kjzzlwbnz34lmc1j29rv-podman-5.6.1-man",
              "default": true
            }
          ],
          "store_path": "/nix/store/bk1sg8fqg7fzby33h3qznmnng5p31cig-podman-5.6.1"
        }
      }
    },
    "python@3.11": {
      "last_modified": "2025-09-18T16:33:27Z",
      "plugin_version": "0.0.4",
      "resolved": "github:NixOS/nixpkgs/f4b140d5b253f5e2a1ff4e5506edbf8267724bde#python311",
      "source": "devbox-search",
      "version": "3.11.13",
      "systems": {
        "aarch64-darwin": {
          "outputs": [
            {
              "name": "out",
              "path": "/nix/store/lkgqh3ap5qgv5w6zpgwwlqn0zf8rzjp5-python3-3.11.13",
              "default": true
            }
          ],
          "store_path": "/nix/store/lkgqh3ap5qgv5w6zpgwwlqn0zf8rzjp5-python3-3.11.13"
        },
        "aarch64-linux": {
          "outputs": [
            {
              "name": "out",
              "path": "/nix/store/micld19bxja9yganfpv53hr5rv41snva-python3-3.11.13",
              "default": true
            },
            {
              "name": "debug",
              "path": "/nix/store/gxwasxsa53ink1m2rcqp3wigflxbx0yw-python3-3.11.13-debug"
            }
          ],
          "store_path": "/nix/store/micld19bxja9yganfpv53hr5rv41snva-python3-3.11.13"
        },
        "x86_64-darwin": {
          "outputs": [
            {
              "name": "out",
              "path": "/nix/store/879wry5b3891z1q6pzdk1zlm8nc2zk1k-python3-3.11.13",
              "default": true
            }
          ],
          "store_path": "/nix/store/879wry5b3891z1q6pzdk1zlm8nc2zk1k-python3-3.11.13"
        },
        "x86_64-linux": {
          "outputs": [
            {
              "name": "out",
              "path": "/nix/store/gf7b5x6vh2g3bq054lm5pj7zqzfx7vjc-python3-3.11.13",
              "default": true
            },
            {
              "name": "debug",
              "path": "/nix/store/83505s5z39cdj3hkl9bhmh2bwsznr5rr-python3-3.11.13-debug"
            }
          ],
          "store_path": "/nix/store/gf7b5x6vh2g3bq054lm5pj7zqzfx7vjc-python3-3.11.13"
        }
      }
    },
    "uv@latest": {
      "last_modified": "2025-09-18T16:33:27Z",
      "resolved": "github:NixOS/nixpkgs/f4b140d5b253f5e2a1ff4e5506edbf8267724bde#uv",
      "source": "devbox-search",
      "version": "0.8.14",
      "systems": {
        "aarch64-darwin": {
          "outputs": [
            {
              "name": "out",
              "path": "/nix/store/jvsjlmb0h8kfflmr1fjqaqvv8znp99pr-uv-0.8.14",
              "default": true
            }
          ],
          "store_path": "/nix/store/jvsjlmb0h8kfflmr1fjqaqvv8znp99pr-uv-0.8.14"
        },
        "aarch64-linux": {
          "outputs": [
            {
              "name": "out",
              "path": "/nix/store/3yyvvd9k79im73nsafnrqqadi7ln7lgd-uv-0.8.14",
              "default": true
            }
          ],
          "store_path": "/nix/store/3yyvvd9k79im73nsafnrqqadi7ln7lgd-uv-0.8.14"
        },
        "x86_64-darwin": {
          "outputs": [
            {
              "name": "out",
              "path": "/nix/store/lsl4wjgvsfvka6dm0lirlgpfks3r9937-uv-0.8.14",
              "default": true
            }
          ],
          "store_path": "/nix/store/lsl4wjgvsfvka6dm0lirlgpfks3r9937-uv-0.8.14"
        },
        "x86_64-linux": {
          "outputs": [
            {
              "name": "out",
              "path": "/nix/store/d4klvr31w9qc9qpypwaxmz6f9xy3339y-uv-0.8.14",
              "default": true
            }
          ],
          "store_path": "/nix/store/d4klvr31w9qc9qpypwaxmz6f9xy3339y-uv-0.8.14"
        }
      }
    }
  }
}
